
Microsoft Visual Studio Solution File, Format Version 12.00
# Visual Studio Version 16
VisualStudioVersion = 16.0.31321.278
MinimumVisualStudioVersion = 10.0.40219.1
Project("{8BC9CEB8-8B4A-11D0-8D11-00A0C91BC942}") = "Login_Register_System", "Login_Register_System.vcxproj", "{85A63834-585E-44C1-8A56-0AFFFD5BE0D0}"
EndProject
Global
	GlobalSection(SolutionConfigurationPlatforms) = preSolution
		Debug|x64 = Debug|x64
		Debug|x86 = Debug|x86
		Release|x64 = Release|x64
		Release|x86 = Release|x86
	EndGlobalSection
	GlobalSection(ProjectConfigurationPlatforms) = postSolution
		{85A63834-585E-44C1-8A56-0AFFFD5BE0D0}.Debug|x64.ActiveCfg = Debug|x64
		{85A63834-585E-44C1-8A56-0AFFFD5BE0D0}.Debug|x64.Build.0 = Debug|x64
		{85A63834-585E-44C1-8A56-0AFFFD5BE0D0}.Debug|x86.ActiveCfg = Debug|Win32
		{85A63834-585E-44C1-8A56-0AFFFD5BE0D0}.Debug|x86.Build.0 = Debug|Win32
		{85A63834-585E-44C1-8A56-0AFFFD5BE0D0}.Release|x64.ActiveCfg = Release|x64
		{85A63834-585E-44C1-8A56-0AFFFD5BE0D0}.Release|x64.Build.0 = Release|x64
		{85A63834-585E-44C1-8A56-0AFFFD5BE0D0}.Release|x86.ActiveCfg = Release|Win32
		{85A63834-585E-44C1-8A56-0AFFFD5BE0D0}.Release|x86.Build.0 = Release|Win32
	EndGlobalSection
	GlobalSection(SolutionProperties) = preSolution
		HideSolutionNode = FALSE
	EndGlobalSection
	GlobalSection(ExtensibilityGlobals) = postSolution
		SolutionGuid = {FEC3DE6A-18A0-482D-B708-6A25FA111364}
	EndGlobalSection
EndGlobal
